
Microsoft Visual Studio Solution File, Format Version 12.00
# Visual Studio Version 17
VisualStudioVersion = 17.1.32210.238
MinimumVisualStudioVersion = 10.0.40219.1
Project("{9A19103F-16F7-4668-BE54-9A1E7A4F7556}") = "QuanLyQuanAn", "QuanLyQuanAn\QuanLyQuanAn.csproj", "{BE7F9D76-7C02-4D04-AF4C-41C0433AF911}"
EndProject
Global
	GlobalSection(SolutionConfigurationPlatforms) = preSolution
		Debug|Any CPU = Debug|Any CPU
		Release|Any CPU = Release|Any CPU
	EndGlobalSection
	GlobalSection(ProjectConfigurationPlatforms) = postSolution
		{BE7F9D76-7C02-4D04-AF4C-41C0433AF911}.Debug|Any CPU.ActiveCfg = Debug|Any CPU
		{BE7F9D76-7C02-4D04-AF4C-41C0433AF911}.Debug|Any CPU.Build.0 = Debug|Any CPU
		{BE7F9D76-7C02-4D04-AF4C-41C0433AF911}.Release|Any CPU.ActiveCfg = Release|Any CPU
		{BE7F9D76-7C02-4D04-AF4C-41C0433AF911}.Release|Any CPU.Build.0 = Release|Any CPU
	EndGlobalSection
	GlobalSection(SolutionProperties) = preSolution
		HideSolutionNode = FALSE
	EndGlobalSection
	GlobalSection(ExtensibilityGlobals) = postSolution
		SolutionGuid = {989E1A1F-DED0-4BDE-A261-516172209F80}
	EndGlobalSection
EndGlobal
